// !$*UTF8*$!
{
	archiveVersion = 1;
	classes = {
	};
	objectVersion = 48;
	objects = {

/* Begin PBXBuildFile section */
		C51797A2230FF1E900A70D1E /* AppDelegate.swift in Sources */ = {isa = PBXBuildFile; fileRef = C51797A1230FF1E900A70D1E /* AppDelegate.swift */; };
		C51797A4230FF1E900A70D1E /* ViewController.swift in Sources */ = {isa = PBXBuildFile; fileRef = C51797A3230FF1E900A70D1E /* ViewController.swift */; };
		C51797A7230FF1E900A70D1E /* Main.storyboard in Resources */ = {isa = PBXBuildFile; fileRef = C51797A5230FF1E900A70D1E /* Main.storyboard */; };
		C51797A9230FF1E900A70D1E /* Assets.xcassets in Resources */ = {isa = PBXBuildFile; fileRef = C51797A8230FF1E900A70D1E /* Assets.xcassets */; };
		C51797AC230FF1E900A70D1E /* LaunchScreen.storyboard in Resources */ = {isa = PBXBuildFile; fileRef = C51797AA230FF1E900A70D1E /* LaunchScreen.storyboard */; };
		C51797B7230FF1E900A70D1E /* CalculatorTests.swift in Sources */ = {isa = PBXBuildFile; fileRef = C51797B6230FF1E900A70D1E /* CalculatorTests.swift */; };
		C51797C2230FF1E900A70D1E /* CalculatorUITests.swift in Sources */ = {isa = PBXBuildFile; fileRef = C51797C1230FF1E900A70D1E /* CalculatorUITests.swift */; };
/* End PBXBuildFile section */

/* Begin PBXContainerItemProxy section */
		C51797B3230FF1E900A70D1E /* PBXContainerItemProxy */ = {
			isa = PBXContainerItemProxy;
			containerPortal = C5179796230FF1E900A70D1E /* Project object */;
			proxyType = 1;
			remoteGlobalIDString = C517979D230FF1E900A70D1E;
			remoteInfo = Calculator;
		};
		C51797BE230FF1E900A70D1E /* PBXContainerItemProxy */ = {
			isa = PBXContainerItemProxy;
			containerPortal = C5179796230FF1E900A70D1E /* Project object */;
			proxyType = 1;
			remoteGlobalIDString = C517979D230FF1E900A70D1E;
			remoteInfo = Calculator;
		};
/* End PBXContainerItemProxy section */

/* Begin PBXFileReference section */
		C517979E230FF1E900A70D1E /* Calculator.app */ = {isa = PBXFileReference; explicitFileType = wrapper.application; includeInIndex = 0; path = Calculator.app; sourceTree = BUILT_PRODUCTS_DIR; };
		C51797A1230FF1E900A70D1E /* AppDelegate.swift */ = {isa = PBXFileReference; lastKnownFileType = sourcecode.swift; path = AppDelegate.swift; sourceTree = "<group>"; };
		C51797A3230FF1E900A70D1E /* ViewController.swift */ = {isa = PBXFileReference; lastKnownFileType = sourcecode.swift; path = ViewController.swift; sourceTree = "<group>"; };
		C51797A6230FF1E900A70D1E /* Base */ = {isa = PBXFileReference; lastKnownFileType = file.storyboard; name = Base; path = Base.lproj/Main.storyboard; sourceTree = "<group>"; };
		C51797A8230FF1E900A70D1E /* Assets.xcassets */ = {isa = PBXFileReference; lastKnownFileType = folder.assetcatalog; path = Assets.xcassets; sourceTree = "<group>"; };
		C51797AB230FF1E900A70D1E /* Base */ = {isa = PBXFileReference; lastKnownFileType = file.storyboard; name = Base; path = Base.lproj/LaunchScreen.storyboard; sourceTree = "<group>"; };
		C51797AD230FF1E900A70D1E /* Info.plist */ = {isa = PBXFileReference; lastKnownFileType = text.plist.xml; path = Info.plist; sourceTree = "<group>"; };
		C51797B2230FF1E900A70D1E /* CalculatorTests.xctest */ = {isa = PBXFileReference; explicitFileType = wrapper.cfbundle; includeInIndex = 0; path = CalculatorTests.xctest; sourceTree = BUILT_PRODUCTS_DIR; };
		C51797B6230FF1E900A70D1E /* CalculatorTests.swift */ = {isa = PBXFileReference; lastKnownFileType = sourcecode.swift; path = CalculatorTests.swift; sourceTree = "<group>"; };
		C51797B8230FF1E900A70D1E /* Info.plist */ = {isa = PBXFileReference; lastKnownFileType = text.plist.xml; path = Info.plist; sourceTree = "<group>"; };
		C51797BD230FF1E900A70D1E /* CalculatorUITests.xctest */ = {isa = PBXFileReference; explicitFileType = wrapper.cfbundle; includeInIndex = 0; path = CalculatorUITests.xctest; sourceTree = BUILT_PRODUCTS_DIR; };
		C51797C1230FF1E900A70D1E /* CalculatorUITests.swift */ = {isa = PBXFileReference; lastKnownFileType = sourcecode.swift; path = CalculatorUITests.swift; sourceTree = "<group>"; };
		C51797C3230FF1E900A70D1E /* Info.plist */ = {isa = PBXFileReference; lastKnownFileType = text.plist.xml; path = Info.plist; sourceTree = "<group>"; };
/* End PBXFileReference section */

/* Begin PBXFrameworksBuildPhase section */
		C517979B230FF1E900A70D1E /* Frameworks */ = {
			isa = PBXFrameworksBuildPhase;
			buildActionMask = 2147483647;
			files = (
			);
			runOnlyForDeploymentPostprocessing = 0;
		};
		C51797AF230FF1E900A70D1E /* Frameworks */ = {
			isa = PBXFrameworksBuildPhase;
			buildActionMask = 2147483647;
			files = (
			);
			runOnlyForDeploymentPostprocessing = 0;
		};
		C51797BA230FF1E900A70D1E /* Frameworks */ = {
			isa = PBXFrameworksBuildPhase;
			buildActionMask = 2147483647;
			files = (
			);
			runOnlyForDeploymentPostprocessing = 0;
		};
/* End PBXFrameworksBuildPhase section */

/* Begin PBXGroup section */
		C5179795230FF1E900A70D1E = {
			isa = PBXGroup;
			children = (
				C51797A0230FF1E900A70D1E /* Calculator */,
				C51797B5230FF1E900A70D1E /* CalculatorTests */,
				C51797C0230FF1E900A70D1E /* CalculatorUITests */,
				C517979F230FF1E900A70D1E /* Products */,
			);
			sourceTree = "<group>";
		};
		C517979F230FF1E900A70D1E /* Products */ = {
			isa = PBXGroup;
			children = (
				C517979E230FF1E900A70D1E /* Calculator.app */,
				C51797B2230FF1E900A70D1E /* CalculatorTests.xctest */,
				C51797BD230FF1E900A70D1E /* CalculatorUITests.xctest */,
			);
			name = Products;
			sourceTree = "<group>";
		};
		C51797A0230FF1E900A70D1E /* Calculator */ = {
			isa = PBXGroup;
			children = (
				C51797A1230FF1E900A70D1E /* AppDelegate.swift */,
				C51797A3230FF1E900A70D1E /* ViewController.swift */,
				C51797A5230FF1E900A70D1E /* Main.storyboard */,
				C51797A8230FF1E900A70D1E /* Assets.xcassets */,
				C51797AA230FF1E900A70D1E /* LaunchScreen.storyboard */,
				C51797AD230FF1E900A70D1E /* Info.plist */,
			);
			path = Calculator;
			sourceTree = "<group>";
		};
		C51797B5230FF1E900A70D1E /* CalculatorTests */ = {
			isa = PBXGroup;
			children = (
				C51797B6230FF1E900A70D1E /* CalculatorTests.swift */,
				C51797B8230FF1E900A70D1E /* Info.plist */,
			);
			path = CalculatorTests;
			sourceTree = "<group>";
		};
		C51797C0230FF1E900A70D1E /* CalculatorUITests */ = {
			isa = PBXGroup;
			children = (
				C51797C1230FF1E900A70D1E /* CalculatorUITests.swift */,
				C51797C3230FF1E900A70D1E /* Info.plist */,
			);
			path = CalculatorUITests;
			sourceTree = "<group>";
		};
/* End PBXGroup section */

/* Begin PBXNativeTarget section */
		C517979D230FF1E900A70D1E /* Calculator */ = {
			isa = PBXNativeTarget;
			buildConfigurationList = C51797C6230FF1E900A70D1E /* Build configuration list for PBXNativeTarget "Calculator" */;
			buildPhases = (
				C517979A230FF1E900A70D1E /* Sources */,
				C517979B230FF1E900A70D1E /* Frameworks */,
				C517979C230FF1E900A70D1E /* Resources */,
			);
			buildRules = (
			);
			dependencies = (
			);
			name = Calculator;
			productName = Calculator;
			productReference = C517979E230FF1E900A70D1E /* Calculator.app */;
			productType = "com.apple.product-type.application";
		};
		C51797B1230FF1E900A70D1E /* CalculatorTests */ = {
			isa = PBXNativeTarget;
			buildConfigurationList = C51797C9230FF1E900A70D1E /* Build configuration list for PBXNativeTarget "CalculatorTests" */;
			buildPhases = (
				C51797AE230FF1E900A70D1E /* Sources */,
				C51797AF230FF1E900A70D1E /* Frameworks */,
				C51797B0230FF1E900A70D1E /* Resources */,
			);
			buildRules = (
			);
			dependencies = (
				C51797B4230FF1E900A70D1E /* PBXTargetDependency */,
			);
			name = CalculatorTests;
			productName = CalculatorTests;
			productReference = C51797B2230FF1E900A70D1E /* CalculatorTests.xctest */;
			productType = "com.apple.product-type.bundle.unit-test";
		};
		C51797BC230FF1E900A70D1E /* CalculatorUITests */ = {
			isa = PBXNativeTarget;
			buildConfigurationList = C51797CC230FF1E900A70D1E /* Build configuration list for PBXNativeTarget "CalculatorUITests" */;
			buildPhases = (
				C51797B9230FF1E900A70D1E /* Sources */,
				C51797BA230FF1E900A70D1E /* Frameworks */,
				C51797BB230FF1E900A70D1E /* Resources */,
			);
			buildRules = (
			);
			dependencies = (
				C51797BF230FF1E900A70D1E /* PBXTargetDependency */,
			);
			name = CalculatorUITests;
			productName = CalculatorUITests;
			productReference = C51797BD230FF1E900A70D1E /* CalculatorUITests.xctest */;
			productType = "com.apple.product-type.bundle.ui-testing";
		};
/* End PBXNativeTarget section */

/* Begin PBXProject section */
		C5179796230FF1E900A70D1E /* Project object */ = {
			isa = PBXProject;
			attributes = {
				LastSwiftUpdateCheck = 0920;
				LastUpgradeCheck = 0920;
				ORGANIZATIONNAME = "COE-02";
				TargetAttributes = {
					C517979D230FF1E900A70D1E = {
						CreatedOnToolsVersion = 9.2;
						ProvisioningStyle = Automatic;
					};
					C51797B1230FF1E900A70D1E = {
						CreatedOnToolsVersion = 9.2;
						ProvisioningStyle = Automatic;
						TestTargetID = C517979D230FF1E900A70D1E;
					};
					C51797BC230FF1E900A70D1E = {
						CreatedOnToolsVersion = 9.2;
						ProvisioningStyle = Automatic;
						TestTargetID = C517979D230FF1E900A70D1E;
					};
				};
			};
			buildConfigurationList = C5179799230FF1E900A70D1E /* Build configuration list for PBXProject "Calculator" */;
			compatibilityVersion = "Xcode 8.0";
			developmentRegion = en;
			hasScannedForEncodings = 0;
			knownRegions = (
				en,
				Base,
			);
			mainGroup = C5179795230FF1E900A70D1E;
			productRefGroup = C517979F230FF1E900A70D1E /* Products */;
			projectDirPath = "";
			projectRoot = "";
			targets = (
				C517979D230FF1E900A70D1E /* Calculator */,
				C51797B1230FF1E900A70D1E /* CalculatorTests */,
				C51797BC230FF1E900A70D1E /* CalculatorUITests */,
			);
		};
/* End PBXProject section */

/* Begin PBXResourcesBuildPhase section */
		C517979C230FF1E900A70D1E /* Resources */ = {
			isa = PBXResourcesBuildPhase;
			buildActionMask = 2147483647;
			files = (
				C51797AC230FF1E900A70D1E /* LaunchScreen.storyboard in Resources */,
				C51797A9230FF1E900A70D1E /* Assets.xcassets in Resources */,
				C51797A7230FF1E900A70D1E /* Main.storyboard in Resources */,
			);
			runOnlyForDeploymentPostprocessing = 0;
		};
		C51797B0230FF1E900A70D1E /* Resources */ = {
			isa = PBXResourcesBuildPhase;
			buildActionMask = 2147483647;
			files = (
			);
			runOnlyForDeploymentPostprocessing = 0;
		};
		C51797BB230FF1E900A70D1E /* Resources */ = {
			isa = PBXResourcesBuildPhase;
			buildActionMask = 2147483647;
			files = (
			);
			runOnlyForDeploymentPostprocessing = 0;
		};
/* End PBXResourcesBuildPhase section */

/* Begin PBXSourcesBuildPhase section */
		C517979A230FF1E900A70D1E /* Sources */ = {
			isa = PBXSourcesBuildPhase;
			buildActionMask = 2147483647;
			files = (
				C51797A4230FF1E900A70D1E /* ViewController.swift in Sources */,
				C51797A2230FF1E900A70D1E /* AppDelegate.swift in Sources */,
			);
			runOnlyForDeploymentPostprocessing = 0;
		};
		C51797AE230FF1E900A70D1E /* Sources */ = {
			isa = PBXSourcesBuildPhase;
			buildActionMask = 2147483647;
			files = (
				C51797B7230FF1E900A70D1E /* CalculatorTests.swift in Sources */,
			);
			runOnlyForDeploymentPostprocessing = 0;
		};
		C51797B9230FF1E900A70D1E /* Sources */ = {
			isa = PBXSourcesBuildPhase;
			buildActionMask = 2147483647;
			files = (
				C51797C2230FF1E900A70D1E /* CalculatorUITests.swift in Sources */,
			);
			runOnlyForDeploymentPostprocessing = 0;
		};
/* End PBXSourcesBuildPhase section */

/* Begin PBXTargetDependency section */
		C51797B4230FF1E900A70D1E /* PBXTargetDependency */ = {
			isa = PBXTargetDependency;
			target = C517979D230FF1E900A70D1E /* Calculator */;
			targetProxy = C51797B3230FF1E900A70D1E /* PBXContainerItemProxy */;
		};
		C51797BF230FF1E900A70D1E /* PBXTargetDependency */ = {
			isa = PBXTargetDependency;
			target = C517979D230FF1E900A70D1E /* Calculator */;
			targetProxy = C51797BE230FF1E900A70D1E /* PBXContainerItemProxy */;
		};
/* End PBXTargetDependency section */

/* Begin PBXVariantGroup section */
		C51797A5230FF1E900A70D1E /* Main.storyboard */ = {
			isa = PBXVariantGroup;
			children = (
				C51797A6230FF1E900A70D1E /* Base */,
			);
			name = Main.storyboard;
			sourceTree = "<group>";
		};
		C51797AA230FF1E900A70D1E /* LaunchScreen.storyboard */ = {
			isa = PBXVariantGroup;
			children = (
				C51797AB230FF1E900A70D1E /* Base */,
			);
			name = LaunchScreen.storyboard;
			sourceTree = "<group>";
		};
/* End PBXVariantGroup section */

/* Begin XCBuildConfiguration section */
		C51797C4230FF1E900A70D1E /* Debug */ = {
			isa = XCBuildConfiguration;
			buildSettings = {
				ALWAYS_SEARCH_USER_PATHS = NO;
				CLANG_ANALYZER_NONNULL = YES;
				CLANG_ANALYZER_NUMBER_OBJECT_CONVERSION = YES_AGGRESSIVE;
				CLANG_CXX_LANGUAGE_STANDARD = "gnu++14";
				CLANG_CXX_LIBRARY = "libc++";
				CLANG_ENABLE_MODULES = YES;
				CLANG_ENABLE_OBJC_ARC = YES;
				CLANG_WARN_BLOCK_CAPTURE_AUTORELEASING = YES;
				CLANG_WARN_BOOL_CONVERSION = YES;
				CLANG_WARN_COMMA = YES;
				CLANG_WARN_CONSTANT_CONVERSION = YES;
				CLANG_WARN_DIRECT_OBJC_ISA_USAGE = YES_ERROR;
				CLANG_WARN_DOCUMENTATION_COMMENTS = YES;
				CLANG_WARN_EMPTY_BODY = YES;
				CLANG_WARN_ENUM_CONVERSION = YES;
				CLANG_WARN_INFINITE_RECURSION = YES;
				CLANG_WARN_INT_CONVERSION = YES;
				CLANG_WARN_NON_LITERAL_NULL_CONVERSION = YES;
				CLANG_WARN_OBJC_LITERAL_CONVERSION = YES;
				CLANG_WARN_OBJC_ROOT_CLASS = YES_ERROR;
				CLANG_WARN_RANGE_LOOP_ANALYSIS = YES;
				CLANG_WARN_STRICT_PROTOTYPES = YES;
				CLANG_WARN_SUSPICIOUS_MOVE = YES;
				CLANG_WARN_UNGUARDED_AVAILABILITY = YES_AGGRESSIVE;
				CLANG_WARN_UNREACHABLE_CODE = YES;
				CLANG_WARN__DUPLICATE_METHOD_MATCH = YES;
				CODE_SIGN_IDENTITY = "iPhone Developer";
				COPY_PHASE_STRIP = NO;
				DEBUG_INFORMATION_FORMAT = dwarf;
				ENABLE_STRICT_OBJC_MSGSEND = YES;
				ENABLE_TESTABILITY = YES;
				GCC_C_LANGUAGE_STANDARD = gnu11;
				GCC_DYNAMIC_NO_PIC = NO;
				GCC_NO_COMMON_BLOCKS = YES;
				GCC_OPTIMIZATION_LEVEL = 0;
				GCC_PREPROCESSOR_DEFINITIONS = (
					"DEBUG=1",
					"$(inherited)",
				);
				GCC_WARN_64_TO_32_BIT_CONVERSION = YES;
				GCC_WARN_ABOUT_RETURN_TYPE = YES_ERROR;
				GCC_WARN_UNDECLARED_SELECTOR = YES;
				GCC_WARN_UNINITIALIZED_AUTOS = YES_AGGRESSIVE;
				GCC_WARN_UNUSED_FUNCTION = YES;
				GCC_WARN_UNUSED_VARIABLE = YES;
				IPHONEOS_DEPLOYMENT_TARGET = 11.2;
				MTL_ENABLE_DEBUG_INFO = YES;
				ONLY_ACTIVE_ARCH = YES;
				SDKROOT = iphoneos;
				SWIFT_ACTIVE_COMPILATION_CONDITIONS = DEBUG;
				SWIFT_OPTIMIZATION_LEVEL = "-Onone";
			};
			name = Debug;
		};
		C51797C5230FF1E900A70D1E /* Release */ = {
			isa = XCBuildConfiguration;
			buildSettings = {
				ALWAYS_SEARCH_USER_PATHS = NO;
				CLANG_ANALYZER_NONNULL = YES;
				CLANG_ANALYZER_NUMBER_OBJECT_CONVERSION = YES_AGGRESSIVE;
				CLANG_CXX_LANGUAGE_STANDARD = "gnu++14";
				CLANG_CXX_LIBRARY = "libc++";
				CLANG_ENABLE_MODULES = YES;
				CLANG_ENABLE_OBJC_ARC = YES;
				CLANG_WARN_BLOCK_CAPTURE_AUTORELEASING = YES;
				CLANG_WARN_BOOL_CONVERSION = YES;
				CLANG_WARN_COMMA = YES;
				CLANG_WARN_CONSTANT_CONVERSION = YES;
				CLANG_WARN_DIRECT_OBJC_ISA_USAGE = YES_ERROR;
				CLANG_WARN_DOCUMENTATION_COMMENTS = YES;
				CLANG_WARN_EMPTY_BODY = YES;
				CLANG_WARN_ENUM_CONVERSION = YES;
				CLANG_WARN_INFINITE_RECURSION = YES;
				CLANG_WARN_INT_CONVERSION = YES;
				CLANG_WARN_NON_LITERAL_NULL_CONVERSION = YES;
				CLANG_WARN_OBJC_LITERAL_CONVERSION = YES;
				CLANG_WARN_OBJC_ROOT_CLASS = YES_ERROR;
				CLANG_WARN_RANGE_LOOP_ANALYSIS = YES;
				CLANG_WARN_STRICT_PROTOTYPES = YES;
				CLANG_WARN_SUSPICIOUS_MOVE = YES;
				CLANG_WARN_UNGUARDED_AVAILABILITY = YES_AGGRESSIVE;
				CLANG_WARN_UNREACHABLE_CODE = YES;
				CLANG_WARN__DUPLICATE_METHOD_MATCH = YES;
				CODE_SIGN_IDENTITY = "iPhone Developer";
				COPY_PHASE_STRIP = NO;
				DEBUG_INFORMATION_FORMAT = "dwarf-with-dsym";
				ENABLE_NS_ASSERTIONS = NO;
				ENABLE_STRICT_OBJC_MSGSEND = YES;
				GCC_C_LANGUAGE_STANDARD = gnu11;
				GCC_NO_COMMON_BLOCKS = YES;
				GCC_WARN_64_TO_32_BIT_CONVERSION = YES;
				GCC_WARN_ABOUT_RETURN_TYPE = YES_ERROR;
				GCC_WARN_UNDECLARED_SELECTOR = YES;
				GCC_WARN_UNINITIALIZED_AUTOS = YES_AGGRESSIVE;
				GCC_WARN_UNUSED_FUNCTION = YES;
				GCC_WARN_UNUSED_VARIABLE = YES;
				IPHONEOS_DEPLOYMENT_TARGET = 11.2;
				MTL_ENABLE_DEBUG_INFO = NO;
				SDKROOT = iphoneos;
				SWIFT_OPTIMIZATION_LEVEL = "-Owholemodule";
				VALIDATE_PRODUCT = YES;
			};
			name = Release;
		};
		C51797C7230FF1E900A70D1E /* Debug */ = {
			isa = XCBuildConfiguration;
			buildSettings = {
				ASSETCATALOG_COMPILER_APPICON_NAME = AppIcon;
				CODE_SIGN_STYLE = Automatic;
				INFOPLIST_FILE = Calculator/Info.plist;
				LD_RUNPATH_SEARCH_PATHS = "$(inherited) @executable_path/Frameworks";
				PRODUCT_BUNDLE_IDENTIFIER = daivat.Calculator;
				PRODUCT_NAME = "$(TARGET_NAME)";
				SWIFT_VERSION = 4.0;
				TARGETED_DEVICE_FAMILY = "1,2";
			};
			name = Debug;
		};
		C51797C8230FF1E900A70D1E /* Release */ = {
			isa = XCBuildConfiguration;
			buildSettings = {
				ASSETCATALOG_COMPILER_APPICON_NAME = AppIcon;
				CODE_SIGN_STYLE = Automatic;
				INFOPLIST_FILE = Calculator/Info.plist;
				LD_RUNPATH_SEARCH_PATHS = "$(inherited) @executable_path/Frameworks";
				PRODUCT_BUNDLE_IDENTIFIER = daivat.Calculator;
				PRODUCT_NAME = "$(TARGET_NAME)";
				SWIFT_VERSION = 4.0;
				TARGETED_DEVICE_FAMILY = "1,2";
			};
			name = Release;
		};
		C51797CA230FF1E900A70D1E /* Debug */ = {
			isa = XCBuildConfiguration;
			buildSettings = {
				ALWAYS_EMBED_SWIFT_STANDARD_LIBRARIES = YES;
				BUNDLE_LOADER = "$(TEST_HOST)";
				CODE_SIGN_STYLE = Automatic;
				INFOPLIST_FILE = CalculatorTests/Info.plist;
				LD_RUNPATH_SEARCH_PATHS = "$(inherited) @executable_path/Frameworks @loader_path/Frameworks";
				PRODUCT_BUNDLE_IDENTIFIER = daivat.CalculatorTests;
				PRODUCT_NAME = "$(TARGET_NAME)";
				SWIFT_VERSION = 4.0;
				TARGETED_DEVICE_FAMILY = "1,2";
				TEST_HOST = "$(BUILT_PRODUCTS_DIR)/Calculator.app/Calculator";
			};
			name = Debug;
		};
		C51797CB230FF1E900A70D1E /* Release */ = {
			isa = XCBuildConfiguration;
			buildSettings = {
				ALWAYS_EMBED_SWIFT_STANDARD_LIBRARIES = YES;
				BUNDLE_LOADER = "$(TEST_HOST)";
				CODE_SIGN_STYLE = Automatic;
				INFOPLIST_FILE = CalculatorTests/Info.plist;
				LD_RUNPATH_SEARCH_PATHS = "$(inherited) @executable_path/Frameworks @loader_path/Frameworks";
				PRODUCT_BUNDLE_IDENTIFIER = daivat.CalculatorTests;
				PRODUCT_NAME = "$(TARGET_NAME)";
				SWIFT_VERSION = 4.0;
				TARGETED_DEVICE_FAMILY = "1,2";
				TEST_HOST = "$(BUILT_PRODUCTS_DIR)/Calculator.app/Calculator";
			};
			name = Release;
		};
		C51797CD230FF1E900A70D1E /* Debug */ = {
			isa = XCBuildConfiguration;
			buildSettings = {
				ALWAYS_EMBED_SWIFT_STANDARD_LIBRARIES = YES;
				CODE_SIGN_STYLE = Automatic;
				INFOPLIST_FILE = CalculatorUITests/Info.plist;
				LD_RUNPATH_SEARCH_PATHS = "$(inherited) @executable_path/Frameworks @loader_path/Frameworks";
				PRODUCT_BUNDLE_IDENTIFIER = daivat.CalculatorUITests;
				PRODUCT_NAME = "$(TARGET_NAME)";
				SWIFT_VERSION = 4.0;
				TARGETED_DEVICE_FAMILY = "1,2";
				TEST_TARGET_NAME = Calculator;
			};
			name = Debug;
		};
		C51797CE230FF1E900A70D1E /* Release */ = {
			isa = XCBuildConfiguration;
			buildSettings = {
				ALWAYS_EMBED_SWIFT_STANDARD_LIBRARIES = YES;
				CODE_SIGN_STYLE = Automatic;
				INFOPLIST_FILE = CalculatorUITests/Info.plist;
				LD_RUNPATH_SEARCH_PATHS = "$(inherited) @executable_path/Frameworks @loader_path/Frameworks";
				PRODUCT_BUNDLE_IDENTIFIER = daivat.CalculatorUITests;
				PRODUCT_NAME = "$(TARGET_NAME)";
				SWIFT_VERSION = 4.0;
				TARGETED_DEVICE_FAMILY = "1,2";
				TEST_TARGET_NAME = Calculator;
			};
			name = Release;
		};
/* End XCBuildConfiguration section */

/* Begin XCConfigurationList section */
		C5179799230FF1E900A70D1E /* Build configuration list for PBXProject "Calculator" */ = {
			isa = XCConfigurationList;
			buildConfigurations = (
				C51797C4230FF1E900A70D1E /* Debug */,
				C51797C5230FF1E900A70D1E /* Release */,
			);
			defaultConfigurationIsVisible = 0;
			defaultConfigurationName = Release;
		};
		C51797C6230FF1E900A70D1E /* Build configuration list for PBXNativeTarget "Calculator" */ = {
			isa = XCConfigurationList;
			buildConfigurations = (
				C51797C7230FF1E900A70D1E /* Debug */,
				C51797C8230FF1E900A70D1E /* Release */,
			);
			defaultConfigurationIsVisible = 0;
			defaultConfigurationName = Release;
		};
		C51797C9230FF1E900A70D1E /* Build configuration list for PBXNativeTarget "CalculatorTests" */ = {
			isa = XCConfigurationList;
			buildConfigurations = (
				C51797CA230FF1E900A70D1E /* Debug */,
				C51797CB230FF1E900A70D1E /* Release */,
			);
			defaultConfigurationIsVisible = 0;
			defaultConfigurationName = Release;
		};
		C51797CC230FF1E900A70D1E /* Build configuration list for PBXNativeTarget "CalculatorUITests" */ = {
			isa = XCConfigurationList;
			buildConfigurations = (
				C51797CD230FF1E900A70D1E /* Debug */,
				C51797CE230FF1E900A70D1E /* Release */,
			);
			defaultConfigurationIsVisible = 0;
			defaultConfigurationName = Release;
		};
/* End XCConfigurationList section */
	};
	rootObject = C5179796230FF1E900A70D1E /* Project object */;
}
